{
    "_meta": {
        "hash": {
            "sha256": "93b8b4112bcc7944f28849d524730576d4e3edc22804b08e7e92489e9ee66d79"
        },
        "pipfile-spec": 6,
        "requires": {
            "python_full_version": "3.10.12",
            "python_version": "3.10"
        },
        "sources": [
            {
                "name": "pip_conf_index_global",
                "url": "https://pypi.org/simple",
                "verify_ssl": false
            },
            {
                "name": "nvidia_ngc",
                "url": "https://pypi.ngc.nvidia.com",
                "verify_ssl": true
            }
        ]
    },
    "default": {},
    "develop": {}
}
